// !$*UTF8*$!
{
	archiveVersion = 1;
	classes = {
	};
	objectVersion = 46;
	objects = {

/* Begin PBXBuildFile section */
		FD9E6CA8164F3F5A00C08386 /* UIKit.framework in Frameworks */ = {isa = PBXBuildFile; fileRef = FD9E6CA7164F3F5A00C08386 /* UIKit.framework */; };
		FD9E6CAA164F3F5A00C08386 /* Foundation.framework in Frameworks */ = {isa = PBXBuildFile; fileRef = FD9E6CA9164F3F5A00C08386 /* Foundation.framework */; };
		FD9E6CAC164F3F5A00C08386 /* CoreGraphics.framework in Frameworks */ = {isa = PBXBuildFile; fileRef = FD9E6CAB164F3F5A00C08386 /* CoreGraphics.framework */; };
		FD9E6CB2164F3F5A00C08386 /* InfoPlist.strings in Resources */ = {isa = PBXBuildFile; fileRef = FD9E6CB0164F3F5A00C08386 /* InfoPlist.strings */; };
		FD9E6CB4164F3F5A00C08386 /* main.m in Sources */ = {isa = PBXBuildFile; fileRef = FD9E6CB3164F3F5A00C08386 /* main.m */; };
		FD9E6CB8164F3F5A00C08386 /* WhtooAppDelegate.m in Sources */ = {isa = PBXBuildFile; fileRef = FD9E6CB7164F3F5A00C08386 /* WhtooAppDelegate.m */; };
/* End PBXBuildFile section */

/* Begin PBXFileReference section */
		FD9E6CA3164F3F5A00C08386 /* ShareArch.app */ = {isa = PBXFileReference; explicitFileType = wrapper.application; includeInIndex = 0; path = ShareArch.app; sourceTree = BUILT_PRODUCTS_DIR; };
		FD9E6CA7164F3F5A00C08386 /* UIKit.framework */ = {isa = PBXFileReference; lastKnownFileType = wrapper.framework; name = UIKit.framework; path = System/Library/Frameworks/UIKit.framework; sourceTree = SDKROOT; };
		FD9E6CA9164F3F5A00C08386 /* Foundation.framework */ = {isa = PBXFileReference; lastKnownFileType = wrapper.framework; name = Foundation.framework; path = System/Library/Frameworks/Foundation.framework; sourceTree = SDKROOT; };
		FD9E6CAB164F3F5A00C08386 /* CoreGraphics.framework */ = {isa = PBXFileReference; lastKnownFileType = wrapper.framework; name = CoreGraphics.framework; path = System/Library/Frameworks/CoreGraphics.framework; sourceTree = SDKROOT; };
		FD9E6CAF164F3F5A00C08386 /* ShareArch-Info.plist */ = {isa = PBXFileReference; lastKnownFileType = text.plist.xml; path = "ShareArch-Info.plist"; sourceTree = "<group>"; };
		FD9E6CB1164F3F5A00C08386 /* en */ = {isa = PBXFileReference; lastKnownFileType = text.plist.strings; name = en; path = en.lproj/InfoPlist.strings; sourceTree = "<group>"; };
		FD9E6CB3164F3F5A00C08386 /* main.m */ = {isa = PBXFileReference; lastKnownFileType = sourcecode.c.objc; path = main.m; sourceTree = "<group>"; };
		FD9E6CB5164F3F5A00C08386 /* ShareArch-Prefix.pch */ = {isa = PBXFileReference; lastKnownFileType = sourcecode.c.h; path = "ShareArch-Prefix.pch"; sourceTree = "<group>"; };
		FD9E6CB6164F3F5A00C08386 /* WhtooAppDelegate.h */ = {isa = PBXFileReference; lastKnownFileType = sourcecode.c.h; path = WhtooAppDelegate.h; sourceTree = "<group>"; };
		FD9E6CB7164F3F5A00C08386 /* WhtooAppDelegate.m */ = {isa = PBXFileReference; lastKnownFileType = sourcecode.c.objc; path = WhtooAppDelegate.m; sourceTree = "<group>"; };
/* End PBXFileReference section */

/* Begin PBXFrameworksBuildPhase section */
		FD9E6CA0164F3F5A00C08386 /* Frameworks */ = {
			isa = PBXFrameworksBuildPhase;
			buildActionMask = 2147483647;
			files = (
				FD9E6CA8164F3F5A00C08386 /* UIKit.framework in Frameworks */,
				FD9E6CAA164F3F5A00C08386 /* Foundation.framework in Frameworks */,
				FD9E6CAC164F3F5A00C08386 /* CoreGraphics.framework in Frameworks */,
			);
			runOnlyForDeploymentPostprocessing = 0;
		};
/* End PBXFrameworksBuildPhase section */

/* Begin PBXGroup section */
		FD9E6C98164F3F5A00C08386 = {
			isa = PBXGroup;
			children = (
				FD9E6CAD164F3F5A00C08386 /* ShareArch */,
				FD9E6CA6164F3F5A00C08386 /* Frameworks */,
				FD9E6CA4164F3F5A00C08386 /* Products */,
			);
			sourceTree = "<group>";
		};
		FD9E6CA4164F3F5A00C08386 /* Products */ = {
			isa = PBXGroup;
			children = (
				FD9E6CA3164F3F5A00C08386 /* ShareArch.app */,
			);
			name = Products;
			sourceTree = "<group>";
		};
		FD9E6CA6164F3F5A00C08386 /* Frameworks */ = {
			isa = PBXGroup;
			children = (
				FD9E6CA7164F3F5A00C08386 /* UIKit.framework */,
				FD9E6CA9164F3F5A00C08386 /* Foundation.framework */,
				FD9E6CAB164F3F5A00C08386 /* CoreGraphics.framework */,
			);
			name = Frameworks;
			sourceTree = "<group>";
		};
		FD9E6CAD164F3F5A00C08386 /* ShareArch */ = {
			isa = PBXGroup;
			children = (
				FD9E6CB6164F3F5A00C08386 /* WhtooAppDelegate.h */,
				FD9E6CB7164F3F5A00C08386 /* WhtooAppDelegate.m */,
				FD9E6CAE164F3F5A00C08386 /* Supporting Files */,
			);
			path = ShareArch;
			sourceTree = "<group>";
		};
		FD9E6CAE164F3F5A00C08386 /* Supporting Files */ = {
			isa = PBXGroup;
			children = (
				FD9E6CAF164F3F5A00C08386 /* ShareArch-Info.plist */,
				FD9E6CB0164F3F5A00C08386 /* InfoPlist.strings */,
				FD9E6CB3164F3F5A00C08386 /* main.m */,
				FD9E6CB5164F3F5A00C08386 /* ShareArch-Prefix.pch */,
			);
			name = "Supporting Files";
			sourceTree = "<group>";
		};
/* End PBXGroup section */

/* Begin PBXNativeTarget section */
		FD9E6CA2164F3F5A00C08386 /* ShareArch */ = {
			isa = PBXNativeTarget;
			buildConfigurationList = FD9E6CBB164F3F5A00C08386 /* Build configuration list for PBXNativeTarget "ShareArch" */;
			buildPhases = (
				FD9E6C9F164F3F5A00C08386 /* Sources */,
				FD9E6CA0164F3F5A00C08386 /* Frameworks */,
				FD9E6CA1164F3F5A00C08386 /* Resources */,
			);
			buildRules = (
			);
			dependencies = (
			);
			name = ShareArch;
			productName = ShareArch;
			productReference = FD9E6CA3164F3F5A00C08386 /* ShareArch.app */;
			productType = "com.apple.product-type.application";
		};
/* End PBXNativeTarget section */

/* Begin PBXProject section */
		FD9E6C9A164F3F5A00C08386 /* Project object */ = {
			isa = PBXProject;
			attributes = {
				CLASSPREFIX = Whtoo;
				LastUpgradeCheck = 0440;
				ORGANIZATIONNAME = OpenX;
			};
			buildConfigurationList = FD9E6C9D164F3F5A00C08386 /* Build configuration list for PBXProject "ShareArch" */;
			compatibilityVersion = "Xcode 3.2";
			developmentRegion = English;
			hasScannedForEncodings = 0;
			knownRegions = (
				en,
			);
			mainGroup = FD9E6C98164F3F5A00C08386;
			productRefGroup = FD9E6CA4164F3F5A00C08386 /* Products */;
			projectDirPath = "";
			projectRoot = "";
			targets = (
				FD9E6CA2164F3F5A00C08386 /* ShareArch */,
			);
		};
/* End PBXProject section */

/* Begin PBXResourcesBuildPhase section */
		FD9E6CA1164F3F5A00C08386 /* Resources */ = {
			isa = PBXResourcesBuildPhase;
			buildActionMask = 2147483647;
			files = (
				FD9E6CB2164F3F5A00C08386 /* InfoPlist.strings in Resources */,
			);
			runOnlyForDeploymentPostprocessing = 0;
		};
/* End PBXResourcesBuildPhase section */

/* Begin PBXSourcesBuildPhase section */
		FD9E6C9F164F3F5A00C08386 /* Sources */ = {
			isa = PBXSourcesBuildPhase;
			buildActionMask = 2147483647;
			files = (
				FD9E6CB4164F3F5A00C08386 /* main.m in Sources */,
				FD9E6CB8164F3F5A00C08386 /* WhtooAppDelegate.m in Sources */,
			);
			runOnlyForDeploymentPostprocessing = 0;
		};
/* End PBXSourcesBuildPhase section */

/* Begin PBXVariantGroup section */
		FD9E6CB0164F3F5A00C08386 /* InfoPlist.strings */ = {
			isa = PBXVariantGroup;
			children = (
				FD9E6CB1164F3F5A00C08386 /* en */,
			);
			name = InfoPlist.strings;
			sourceTree = "<group>";
		};
/* End PBXVariantGroup section */

/* Begin XCBuildConfiguration section */
		FD9E6CB9164F3F5A00C08386 /* Debug */ = {
			isa = XCBuildConfiguration;
			buildSettings = {
				ALWAYS_SEARCH_USER_PATHS = NO;
				ARCHS = "$(ARCHS_STANDARD_32_BIT)";
				CLANG_CXX_LANGUAGE_STANDARD = "gnu++0x";
				CLANG_WARN__DUPLICATE_METHOD_MATCH = YES;
				"CODE_SIGN_IDENTITY[sdk=iphoneos*]" = "iPhone Developer";
				COPY_PHASE_STRIP = NO;
				GCC_C_LANGUAGE_STANDARD = gnu99;
				GCC_DYNAMIC_NO_PIC = NO;
				GCC_OPTIMIZATION_LEVEL = 0;
				GCC_PREPROCESSOR_DEFINITIONS = (
					"DEBUG=1",
					"$(inherited)",
				);
				GCC_SYMBOLS_PRIVATE_EXTERN = NO;
				GCC_VERSION = com.apple.compilers.llvm.clang.1_0;
				GCC_WARN_ABOUT_RETURN_TYPE = YES;
				GCC_WARN_UNINITIALIZED_AUTOS = YES;
				GCC_WARN_UNUSED_VARIABLE = YES;
				IPHONEOS_DEPLOYMENT_TARGET = 5.1;
				SDKROOT = iphoneos;
				TARGETED_DEVICE_FAMILY = "1,2";
			};
			name = Debug;
		};
		FD9E6CBA164F3F5A00C08386 /* Release */ = {
			isa = XCBuildConfiguration;
			buildSettings = {
				ALWAYS_SEARCH_USER_PATHS = NO;
				ARCHS = "$(ARCHS_STANDARD_32_BIT)";
				CLANG_CXX_LANGUAGE_STANDARD = "gnu++0x";
				CLANG_WARN__DUPLICATE_METHOD_MATCH = YES;
				"CODE_SIGN_IDENTITY[sdk=iphoneos*]" = "iPhone Developer";
				COPY_PHASE_STRIP = YES;
				GCC_C_LANGUAGE_STANDARD = gnu99;
				GCC_VERSION = com.apple.compilers.llvm.clang.1_0;
				GCC_WARN_ABOUT_RETURN_TYPE = YES;
				GCC_WARN_UNINITIALIZED_AUTOS = YES;
				GCC_WARN_UNUSED_VARIABLE = YES;
				IPHONEOS_DEPLOYMENT_TARGET = 5.1;
				OTHER_CFLAGS = "-DNS_BLOCK_ASSERTIONS=1";
				SDKROOT = iphoneos;
				TARGETED_DEVICE_FAMILY = "1,2";
				VALIDATE_PRODUCT = YES;
			};
			name = Release;
		};
		FD9E6CBC164F3F5A00C08386 /* Debug */ = {
			isa = XCBuildConfiguration;
			buildSettings = {
				GCC_PRECOMPILE_PREFIX_HEADER = YES;
				GCC_PREFIX_HEADER = "ShareArch/ShareArch-Prefix.pch";
				INFOPLIST_FILE = "ShareArch/ShareArch-Info.plist";
				PRODUCT_NAME = "$(TARGET_NAME)";
				WRAPPER_EXTENSION = app;
			};
			name = Debug;
		};
		FD9E6CBD164F3F5A00C08386 /* Release */ = {
			isa = XCBuildConfiguration;
			buildSettings = {
				GCC_PRECOMPILE_PREFIX_HEADER = YES;
				GCC_PREFIX_HEADER = "ShareArch/ShareArch-Prefix.pch";
				INFOPLIST_FILE = "ShareArch/ShareArch-Info.plist";
				PRODUCT_NAME = "$(TARGET_NAME)";
				WRAPPER_EXTENSION = app;
			};
			name = Release;
		};
/* End XCBuildConfiguration section */

/* Begin XCConfigurationList section */
		FD9E6C9D164F3F5A00C08386 /* Build configuration list for PBXProject "ShareArch" */ = {
			isa = XCConfigurationList;
			buildConfigurations = (
				FD9E6CB9164F3F5A00C08386 /* Debug */,
				FD9E6CBA164F3F5A00C08386 /* Release */,
			);
			defaultConfigurationIsVisible = 0;
			defaultConfigurationName = Release;
		};
		FD9E6CBB164F3F5A00C08386 /* Build configuration list for PBXNativeTarget "ShareArch" */ = {
			isa = XCConfigurationList;
			buildConfigurations = (
				FD9E6CBC164F3F5A00C08386 /* Debug */,
				FD9E6CBD164F3F5A00C08386 /* Release */,
			);
			defaultConfigurationIsVisible = 0;
		};
/* End XCConfigurationList section */
	};
	rootObject = FD9E6C9A164F3F5A00C08386 /* Project object */;
}
